
Microsoft Visual Studio Solution File, Format Version 12.00
# Visual Studio Version 17
VisualStudioVersion = 17.0.32112.339
MinimumVisualStudioVersion = 10.0.40219.1
Project("{8BC9CEB8-8B4A-11D0-8D11-00A0C91BC942}") = "task01", "task01\task01.vcxproj", "{5BFEFAB2-3486-42EE-91BC-9372191121CE}"
EndProject
Project("{8BC9CEB8-8B4A-11D0-8D11-00A0C91BC942}") = "ефыл02", "ефыл02\ефыл02.vcxproj", "{701A37F1-77D6-490E-8809-38CE89246EB1}"
EndProject
Global
	GlobalSection(SolutionConfigurationPlatforms) = preSolution
		Debug|x64 = Debug|x64
		Debug|x86 = Debug|x86
		Release|x64 = Release|x64
		Release|x86 = Release|x86
	EndGlobalSection
	GlobalSection(ProjectConfigurationPlatforms) = postSolution
		{5BFEFAB2-3486-42EE-91BC-9372191121CE}.Debug|x64.ActiveCfg = Debug|x64
		{5BFEFAB2-3486-42EE-91BC-9372191121CE}.Debug|x64.Build.0 = Debug|x64
		{5BFEFAB2-3486-42EE-91BC-9372191121CE}.Debug|x86.ActiveCfg = Debug|Win32
		{5BFEFAB2-3486-42EE-91BC-9372191121CE}.Debug|x86.Build.0 = Debug|Win32
		{5BFEFAB2-3486-42EE-91BC-9372191121CE}.Release|x64.ActiveCfg = Release|x64
		{5BFEFAB2-3486-42EE-91BC-9372191121CE}.Release|x64.Build.0 = Release|x64
		{5BFEFAB2-3486-42EE-91BC-9372191121CE}.Release|x86.ActiveCfg = Release|Win32
		{5BFEFAB2-3486-42EE-91BC-9372191121CE}.Release|x86.Build.0 = Release|Win32
		{701A37F1-77D6-490E-8809-38CE89246EB1}.Debug|x64.ActiveCfg = Debug|x64
		{701A37F1-77D6-490E-8809-38CE89246EB1}.Debug|x64.Build.0 = Debug|x64
		{701A37F1-77D6-490E-8809-38CE89246EB1}.Debug|x86.ActiveCfg = Debug|Win32
		{701A37F1-77D6-490E-8809-38CE89246EB1}.Debug|x86.Build.0 = Debug|Win32
		{701A37F1-77D6-490E-8809-38CE89246EB1}.Release|x64.ActiveCfg = Release|x64
		{701A37F1-77D6-490E-8809-38CE89246EB1}.Release|x64.Build.0 = Release|x64
		{701A37F1-77D6-490E-8809-38CE89246EB1}.Release|x86.ActiveCfg = Release|Win32
		{701A37F1-77D6-490E-8809-38CE89246EB1}.Release|x86.Build.0 = Release|Win32
	EndGlobalSection
	GlobalSection(SolutionProperties) = preSolution
		HideSolutionNode = FALSE
	EndGlobalSection
	GlobalSection(ExtensibilityGlobals) = postSolution
		SolutionGuid = {0F89C7D5-9A75-4D00-87DA-3857A4DEC85C}
	EndGlobalSection
EndGlobal
